
Microsoft Visual Studio Solution File, Format Version 12.00
# Visual Studio 15
VisualStudioVersion = 15.0.26124.0
MinimumVisualStudioVersion = 15.0.26124.0
Project("{FAE04EC0-301F-11D3-BF4B-00C04F79EFBC}") = "Domain", "Domain\Domain.csproj", "{1BA674D9-699E-46FB-84DC-FF3BD50610E4}"
EndProject
Project("{FAE04EC0-301F-11D3-BF4B-00C04F79EFBC}") = "Application", "Application\Application.csproj", "{056DF830-4491-4D53-9D15-BEB69AE5142C}"
EndProject
Project("{FAE04EC0-301F-11D3-BF4B-00C04F79EFBC}") = "Persistance", "Persistance\Persistance.csproj", "{615A0185-74BB-49E4-B8E7-5764F8A5EE9E}"
EndProject
Project("{FAE04EC0-301F-11D3-BF4B-00C04F79EFBC}") = "API", "API\API.csproj", "{A36B1C66-8907-42D4-B1F1-3849B158A6F7}"
EndProject
Global
	GlobalSection(SolutionConfigurationPlatforms) = preSolution
		Debug|Any CPU = Debug|Any CPU
		Debug|x64 = Debug|x64
		Debug|x86 = Debug|x86
		Release|Any CPU = Release|Any CPU
		Release|x64 = Release|x64
		Release|x86 = Release|x86
	EndGlobalSection
	GlobalSection(SolutionProperties) = preSolution
		HideSolutionNode = FALSE
	EndGlobalSection
	GlobalSection(ProjectConfigurationPlatforms) = postSolution
		{1BA674D9-699E-46FB-84DC-FF3BD50610E4}.Debug|Any CPU.ActiveCfg = Debug|Any CPU
		{1BA674D9-699E-46FB-84DC-FF3BD50610E4}.Debug|Any CPU.Build.0 = Debug|Any CPU
		{1BA674D9-699E-46FB-84DC-FF3BD50610E4}.Debug|x64.ActiveCfg = Debug|Any CPU
		{1BA674D9-699E-46FB-84DC-FF3BD50610E4}.Debug|x64.Build.0 = Debug|Any CPU
		{1BA674D9-699E-46FB-84DC-FF3BD50610E4}.Debug|x86.ActiveCfg = Debug|Any CPU
		{1BA674D9-699E-46FB-84DC-FF3BD50610E4}.Debug|x86.Build.0 = Debug|Any CPU
		{1BA674D9-699E-46FB-84DC-FF3BD50610E4}.Release|Any CPU.ActiveCfg = Release|Any CPU
		{1BA674D9-699E-46FB-84DC-FF3BD50610E4}.Release|Any CPU.Build.0 = Release|Any CPU
		{1BA674D9-699E-46FB-84DC-FF3BD50610E4}.Release|x64.ActiveCfg = Release|Any CPU
		{1BA674D9-699E-46FB-84DC-FF3BD50610E4}.Release|x64.Build.0 = Release|Any CPU
		{1BA674D9-699E-46FB-84DC-FF3BD50610E4}.Release|x86.ActiveCfg = Release|Any CPU
		{1BA674D9-699E-46FB-84DC-FF3BD50610E4}.Release|x86.Build.0 = Release|Any CPU
		{056DF830-4491-4D53-9D15-BEB69AE5142C}.Debug|Any CPU.ActiveCfg = Debug|Any CPU
		{056DF830-4491-4D53-9D15-BEB69AE5142C}.Debug|Any CPU.Build.0 = Debug|Any CPU
		{056DF830-4491-4D53-9D15-BEB69AE5142C}.Debug|x64.ActiveCfg = Debug|Any CPU
		{056DF830-4491-4D53-9D15-BEB69AE5142C}.Debug|x64.Build.0 = Debug|Any CPU
		{056DF830-4491-4D53-9D15-BEB69AE5142C}.Debug|x86.ActiveCfg = Debug|Any CPU
		{056DF830-4491-4D53-9D15-BEB69AE5142C}.Debug|x86.Build.0 = Debug|Any CPU
		{056DF830-4491-4D53-9D15-BEB69AE5142C}.Release|Any CPU.ActiveCfg = Release|Any CPU
		{056DF830-4491-4D53-9D15-BEB69AE5142C}.Release|Any CPU.Build.0 = Release|Any CPU
		{056DF830-4491-4D53-9D15-BEB69AE5142C}.Release|x64.ActiveCfg = Release|Any CPU
		{056DF830-4491-4D53-9D15-BEB69AE5142C}.Release|x64.Build.0 = Release|Any CPU
		{056DF830-4491-4D53-9D15-BEB69AE5142C}.Release|x86.ActiveCfg = Release|Any CPU
		{056DF830-4491-4D53-9D15-BEB69AE5142C}.Release|x86.Build.0 = Release|Any CPU
		{615A0185-74BB-49E4-B8E7-5764F8A5EE9E}.Debug|Any CPU.ActiveCfg = Debug|Any CPU
		{615A0185-74BB-49E4-B8E7-5764F8A5EE9E}.Debug|Any CPU.Build.0 = Debug|Any CPU
		{615A0185-74BB-49E4-B8E7-5764F8A5EE9E}.Debug|x64.ActiveCfg = Debug|Any CPU
		{615A0185-74BB-49E4-B8E7-5764F8A5EE9E}.Debug|x64.Build.0 = Debug|Any CPU
		{615A0185-74BB-49E4-B8E7-5764F8A5EE9E}.Debug|x86.ActiveCfg = Debug|Any CPU
		{615A0185-74BB-49E4-B8E7-5764F8A5EE9E}.Debug|x86.Build.0 = Debug|Any CPU
		{615A0185-74BB-49E4-B8E7-5764F8A5EE9E}.Release|Any CPU.ActiveCfg = Release|Any CPU
		{615A0185-74BB-49E4-B8E7-5764F8A5EE9E}.Release|Any CPU.Build.0 = Release|Any CPU
		{615A0185-74BB-49E4-B8E7-5764F8A5EE9E}.Release|x64.ActiveCfg = Release|Any CPU
		{615A0185-74BB-49E4-B8E7-5764F8A5EE9E}.Release|x64.Build.0 = Release|Any CPU
		{615A0185-74BB-49E4-B8E7-5764F8A5EE9E}.Release|x86.ActiveCfg = Release|Any CPU
		{615A0185-74BB-49E4-B8E7-5764F8A5EE9E}.Release|x86.Build.0 = Release|Any CPU
		{A36B1C66-8907-42D4-B1F1-3849B158A6F7}.Debug|Any CPU.ActiveCfg = Debug|Any CPU
		{A36B1C66-8907-42D4-B1F1-3849B158A6F7}.Debug|Any CPU.Build.0 = Debug|Any CPU
		{A36B1C66-8907-42D4-B1F1-3849B158A6F7}.Debug|x64.ActiveCfg = Debug|Any CPU
		{A36B1C66-8907-42D4-B1F1-3849B158A6F7}.Debug|x64.Build.0 = Debug|Any CPU
		{A36B1C66-8907-42D4-B1F1-3849B158A6F7}.Debug|x86.ActiveCfg = Debug|Any CPU
		{A36B1C66-8907-42D4-B1F1-3849B158A6F7}.Debug|x86.Build.0 = Debug|Any CPU
		{A36B1C66-8907-42D4-B1F1-3849B158A6F7}.Release|Any CPU.ActiveCfg = Release|Any CPU
		{A36B1C66-8907-42D4-B1F1-3849B158A6F7}.Release|Any CPU.Build.0 = Release|Any CPU
		{A36B1C66-8907-42D4-B1F1-3849B158A6F7}.Release|x64.ActiveCfg = Release|Any CPU
		{A36B1C66-8907-42D4-B1F1-3849B158A6F7}.Release|x64.Build.0 = Release|Any CPU
		{A36B1C66-8907-42D4-B1F1-3849B158A6F7}.Release|x86.ActiveCfg = Release|Any CPU
		{A36B1C66-8907-42D4-B1F1-3849B158A6F7}.Release|x86.Build.0 = Release|Any CPU
	EndGlobalSection
EndGlobal
